
Microsoft Visual Studio Solution File, Format Version 12.00
# Visual Studio Version 17
VisualStudioVersion = 17.7.34221.43
MinimumVisualStudioVersion = 10.0.40219.1
Project("{FAE04EC0-301F-11D3-BF4B-00C04F79EFBC}") = "tic-tac-toe-game", "tic-tac-toe-game\tic-tac-toe-game.csproj", "{1CB3EFB8-390A-4D4D-8222-42A05FE7CB62}"
EndProject
Global
	GlobalSection(SolutionConfigurationPlatforms) = preSolution
		Debug|Any CPU = Debug|Any CPU
		Release|Any CPU = Release|Any CPU
	EndGlobalSection
	GlobalSection(ProjectConfigurationPlatforms) = postSolution
		{1CB3EFB8-390A-4D4D-8222-42A05FE7CB62}.Debug|Any CPU.ActiveCfg = Debug|Any CPU
		{1CB3EFB8-390A-4D4D-8222-42A05FE7CB62}.Debug|Any CPU.Build.0 = Debug|Any CPU
		{1CB3EFB8-390A-4D4D-8222-42A05FE7CB62}.Release|Any CPU.ActiveCfg = Release|Any CPU
		{1CB3EFB8-390A-4D4D-8222-42A05FE7CB62}.Release|Any CPU.Build.0 = Release|Any CPU
	EndGlobalSection
	GlobalSection(SolutionProperties) = preSolution
		HideSolutionNode = FALSE
	EndGlobalSection
	GlobalSection(ExtensibilityGlobals) = postSolution
		SolutionGuid = {633E863D-BC66-49B8-B35B-E0EF2B4E969C}
	EndGlobalSection
EndGlobal
